
Microsoft Visual Studio Solution File, Format Version 12.00
# Visual Studio Version 16
VisualStudioVersion = 16.0.29509.3
MinimumVisualStudioVersion = 10.0.40219.1
Project("{FAE04EC0-301F-11D3-BF4B-00C04F79EFBC}") = "MovieRent", "MovieRent\MovieRent.csproj", "{AE56A766-3AD0-4AA9-A7AC-54DD27C27425}"
EndProject
Global
	GlobalSection(SolutionConfigurationPlatforms) = preSolution
		Debug|Any CPU = Debug|Any CPU
		Release|Any CPU = Release|Any CPU
	EndGlobalSection
	GlobalSection(ProjectConfigurationPlatforms) = postSolution
		{AE56A766-3AD0-4AA9-A7AC-54DD27C27425}.Debug|Any CPU.ActiveCfg = Debug|Any CPU
		{AE56A766-3AD0-4AA9-A7AC-54DD27C27425}.Debug|Any CPU.Build.0 = Debug|Any CPU
		{AE56A766-3AD0-4AA9-A7AC-54DD27C27425}.Release|Any CPU.ActiveCfg = Release|Any CPU
		{AE56A766-3AD0-4AA9-A7AC-54DD27C27425}.Release|Any CPU.Build.0 = Release|Any CPU
	EndGlobalSection
	GlobalSection(SolutionProperties) = preSolution
		HideSolutionNode = FALSE
	EndGlobalSection
	GlobalSection(ExtensibilityGlobals) = postSolution
		SolutionGuid = {AFC1B131-E6D8-42FD-8B65-025B21BD3DF8}
	EndGlobalSection
EndGlobal
